
Microsoft Visual Studio Solution File, Format Version 12.00
# Visual Studio 15
VisualStudioVersion = 15.0.26430.16
MinimumVisualStudioVersion = 10.0.40219.1
Project("{2150E333-8FDC-42A3-9474-1A3956D46DE8}") = "1.Documents", "1.Documents", "{8332DD45-0D9A-4995-AE59-4E42FF34CA92}"
EndProject
Project("{2150E333-8FDC-42A3-9474-1A3956D46DE8}") = "2.Libraries", "2.Libraries", "{114F163F-41AA-4372-8FF4-9FF46751E85B}"
EndProject
Project("{2150E333-8FDC-42A3-9474-1A3956D46DE8}") = "3.Tests", "3.Tests", "{AEA9CA52-9ED6-4234-A49F-9C46A061C9A3}"
EndProject
Project("{FAE04EC0-301F-11D3-BF4B-00C04F79EFBC}") = "Extensions.Tests", "3.Tests\Extensions.Tests\Extensions.Tests.csproj", "{0B53DE72-BE16-40B2-8C66-FA4F8145F07A}"
EndProject
Project("{FAE04EC0-301F-11D3-BF4B-00C04F79EFBC}") = "System.Extensions", "2.Libraries\Extensions\System.Extensions.csproj", "{1FEFCB7F-9E07-4C46-B2A0-FF48BBD393F5}"
EndProject
Project("{FAE04EC0-301F-11D3-BF4B-00C04F79EFBC}") = "System.Web.Mvc.Extensions", "2.Libraries\System.Web.Mvc.Extensions\System.Web.Mvc.Extensions.csproj", "{923BB03A-62A5-4B76-A705-F7CE8B7C8C3C}"
EndProject
Project("{9A19103F-16F7-4668-BE54-9A1E7A4F7556}") = "SystemExtensions.Core", "2.Libraries\SystemExtensions.Core\SystemExtensions.Core.csproj", "{3BCF459B-1ED8-4C39-B7D3-93576F4CB2DE}"
EndProject
Project("{FAE04EC0-301F-11D3-BF4B-00C04F79EFBC}") = "Microsoft.AspNetCore.Mvc.Extensions", "2.Libraries\Microsoft.AspNetCore.Mvc.Extensions\Microsoft.AspNetCore.Mvc.Extensions.csproj", "{3F0365A9-D263-40B9-A8A6-302F441981B5}"
EndProject
Global
	GlobalSection(SolutionConfigurationPlatforms) = preSolution
		Debug|Any CPU = Debug|Any CPU
		Release|Any CPU = Release|Any CPU
	EndGlobalSection
	GlobalSection(ProjectConfigurationPlatforms) = postSolution
		{0B53DE72-BE16-40B2-8C66-FA4F8145F07A}.Debug|Any CPU.ActiveCfg = Debug|Any CPU
		{0B53DE72-BE16-40B2-8C66-FA4F8145F07A}.Debug|Any CPU.Build.0 = Debug|Any CPU
		{0B53DE72-BE16-40B2-8C66-FA4F8145F07A}.Release|Any CPU.ActiveCfg = Release|Any CPU
		{0B53DE72-BE16-40B2-8C66-FA4F8145F07A}.Release|Any CPU.Build.0 = Release|Any CPU
		{1FEFCB7F-9E07-4C46-B2A0-FF48BBD393F5}.Debug|Any CPU.ActiveCfg = Debug|Any CPU
		{1FEFCB7F-9E07-4C46-B2A0-FF48BBD393F5}.Debug|Any CPU.Build.0 = Debug|Any CPU
		{1FEFCB7F-9E07-4C46-B2A0-FF48BBD393F5}.Release|Any CPU.ActiveCfg = Release|Any CPU
		{1FEFCB7F-9E07-4C46-B2A0-FF48BBD393F5}.Release|Any CPU.Build.0 = Release|Any CPU
		{923BB03A-62A5-4B76-A705-F7CE8B7C8C3C}.Debug|Any CPU.ActiveCfg = Debug|Any CPU
		{923BB03A-62A5-4B76-A705-F7CE8B7C8C3C}.Debug|Any CPU.Build.0 = Debug|Any CPU
		{923BB03A-62A5-4B76-A705-F7CE8B7C8C3C}.Release|Any CPU.ActiveCfg = Release|Any CPU
		{923BB03A-62A5-4B76-A705-F7CE8B7C8C3C}.Release|Any CPU.Build.0 = Release|Any CPU
		{3BCF459B-1ED8-4C39-B7D3-93576F4CB2DE}.Debug|Any CPU.ActiveCfg = Debug|Any CPU
		{3BCF459B-1ED8-4C39-B7D3-93576F4CB2DE}.Debug|Any CPU.Build.0 = Debug|Any CPU
		{3BCF459B-1ED8-4C39-B7D3-93576F4CB2DE}.Release|Any CPU.ActiveCfg = Release|Any CPU
		{3BCF459B-1ED8-4C39-B7D3-93576F4CB2DE}.Release|Any CPU.Build.0 = Release|Any CPU
		{3F0365A9-D263-40B9-A8A6-302F441981B5}.Debug|Any CPU.ActiveCfg = Debug|Any CPU
		{3F0365A9-D263-40B9-A8A6-302F441981B5}.Debug|Any CPU.Build.0 = Debug|Any CPU
		{3F0365A9-D263-40B9-A8A6-302F441981B5}.Release|Any CPU.ActiveCfg = Release|Any CPU
		{3F0365A9-D263-40B9-A8A6-302F441981B5}.Release|Any CPU.Build.0 = Release|Any CPU
	EndGlobalSection
	GlobalSection(SolutionProperties) = preSolution
		HideSolutionNode = FALSE
	EndGlobalSection
	GlobalSection(NestedProjects) = preSolution
		{0B53DE72-BE16-40B2-8C66-FA4F8145F07A} = {AEA9CA52-9ED6-4234-A49F-9C46A061C9A3}
		{1FEFCB7F-9E07-4C46-B2A0-FF48BBD393F5} = {114F163F-41AA-4372-8FF4-9FF46751E85B}
		{923BB03A-62A5-4B76-A705-F7CE8B7C8C3C} = {114F163F-41AA-4372-8FF4-9FF46751E85B}
		{3BCF459B-1ED8-4C39-B7D3-93576F4CB2DE} = {114F163F-41AA-4372-8FF4-9FF46751E85B}
		{3F0365A9-D263-40B9-A8A6-302F441981B5} = {114F163F-41AA-4372-8FF4-9FF46751E85B}
	EndGlobalSection
	GlobalSection(ExtensibilityGlobals) = postSolution
		SolutionGuid = {D0F244A8-8A3A-4F3C-94D7-74655751FDF5}
	EndGlobalSection
EndGlobal
